// !$*UTF8*$!
{
	archiveVersion = 1;
	classes = {
	};
	objectVersion = 46;
	objects = {

/* Begin PBXBuildFile section */
		74B6512F1EFD031F004865BC /* main.m in Sources */ = {isa = PBXBuildFile; fileRef = 74B6512E1EFD031F004865BC /* main.m */; };
		74B651321EFD031F004865BC /* AppDelegate.m in Sources */ = {isa = PBXBuildFile; fileRef = 74B651311EFD031F004865BC /* AppDelegate.m */; };
		74B651351EFD031F004865BC /* ViewController.m in Sources */ = {isa = PBXBuildFile; fileRef = 74B651341EFD031F004865BC /* ViewController.m */; };
		74B651381EFD031F004865BC /* Main.storyboard in Resources */ = {isa = PBXBuildFile; fileRef = 74B651361EFD031F004865BC /* Main.storyboard */; };
		74B6513B1EFD031F004865BC /* testSetting.xcdatamodeld in Sources */ = {isa = PBXBuildFile; fileRef = 74B651391EFD031F004865BC /* testSetting.xcdatamodeld */; };
		74B6513D1EFD031F004865BC /* Assets.xcassets in Resources */ = {isa = PBXBuildFile; fileRef = 74B6513C1EFD031F004865BC /* Assets.xcassets */; };
		74B651401EFD031F004865BC /* LaunchScreen.storyboard in Resources */ = {isa = PBXBuildFile; fileRef = 74B6513E1EFD031F004865BC /* LaunchScreen.storyboard */; };
		74B6514C1EFD0B57004865BC /* Settings.bundle in Resources */ = {isa = PBXBuildFile; fileRef = 74B6514B1EFD0B57004865BC /* Settings.bundle */; };
/* End PBXBuildFile section */

/* Begin PBXFileReference section */
		74B6512A1EFD031F004865BC /* testSetting.app */ = {isa = PBXFileReference; explicitFileType = wrapper.application; includeInIndex = 0; path = testSetting.app; sourceTree = BUILT_PRODUCTS_DIR; };
		74B6512E1EFD031F004865BC /* main.m */ = {isa = PBXFileReference; lastKnownFileType = sourcecode.c.objc; path = main.m; sourceTree = "<group>"; };
		74B651301EFD031F004865BC /* AppDelegate.h */ = {isa = PBXFileReference; lastKnownFileType = sourcecode.c.h; path = AppDelegate.h; sourceTree = "<group>"; };
		74B651311EFD031F004865BC /* AppDelegate.m */ = {isa = PBXFileReference; lastKnownFileType = sourcecode.c.objc; path = AppDelegate.m; sourceTree = "<group>"; };
		74B651331EFD031F004865BC /* ViewController.h */ = {isa = PBXFileReference; lastKnownFileType = sourcecode.c.h; path = ViewController.h; sourceTree = "<group>"; };
		74B651341EFD031F004865BC /* ViewController.m */ = {isa = PBXFileReference; lastKnownFileType = sourcecode.c.objc; path = ViewController.m; sourceTree = "<group>"; };
		74B651371EFD031F004865BC /* Base */ = {isa = PBXFileReference; lastKnownFileType = file.storyboard; name = Base; path = Base.lproj/Main.storyboard; sourceTree = "<group>"; };
		74B6513A1EFD031F004865BC /* testSetting.xcdatamodel */ = {isa = PBXFileReference; lastKnownFileType = wrapper.xcdatamodel; path = testSetting.xcdatamodel; sourceTree = "<group>"; };
		74B6513C1EFD031F004865BC /* Assets.xcassets */ = {isa = PBXFileReference; lastKnownFileType = folder.assetcatalog; path = Assets.xcassets; sourceTree = "<group>"; };
		74B6513F1EFD031F004865BC /* Base */ = {isa = PBXFileReference; lastKnownFileType = file.storyboard; name = Base; path = Base.lproj/LaunchScreen.storyboard; sourceTree = "<group>"; };
		74B651411EFD031F004865BC /* Info.plist */ = {isa = PBXFileReference; lastKnownFileType = text.plist.xml; path = Info.plist; sourceTree = "<group>"; };
		74B6514B1EFD0B57004865BC /* Settings.bundle */ = {isa = PBXFileReference; lastKnownFileType = "wrapper.plug-in"; path = Settings.bundle; sourceTree = "<group>"; };
/* End PBXFileReference section */

/* Begin PBXFrameworksBuildPhase section */
		74B651271EFD031F004865BC /* Frameworks */ = {
			isa = PBXFrameworksBuildPhase;
			buildActionMask = 2147483647;
			files = (
			);
			runOnlyForDeploymentPostprocessing = 0;
		};
/* End PBXFrameworksBuildPhase section */

/* Begin PBXGroup section */
		74B651211EFD031F004865BC = {
			isa = PBXGroup;
			children = (
				74B6514B1EFD0B57004865BC /* Settings.bundle */,
				74B6512C1EFD031F004865BC /* testSetting */,
				74B6512B1EFD031F004865BC /* Products */,
			);
			sourceTree = "<group>";
		};
		74B6512B1EFD031F004865BC /* Products */ = {
			isa = PBXGroup;
			children = (
				74B6512A1EFD031F004865BC /* testSetting.app */,
			);
			name = Products;
			sourceTree = "<group>";
		};
		74B6512C1EFD031F004865BC /* testSetting */ = {
			isa = PBXGroup;
			children = (
				74B651301EFD031F004865BC /* AppDelegate.h */,
				74B651311EFD031F004865BC /* AppDelegate.m */,
				74B651331EFD031F004865BC /* ViewController.h */,
				74B651341EFD031F004865BC /* ViewController.m */,
				74B651361EFD031F004865BC /* Main.storyboard */,
				74B6513C1EFD031F004865BC /* Assets.xcassets */,
				74B6513E1EFD031F004865BC /* LaunchScreen.storyboard */,
				74B651411EFD031F004865BC /* Info.plist */,
				74B651391EFD031F004865BC /* testSetting.xcdatamodeld */,
				74B6512D1EFD031F004865BC /* Supporting Files */,
			);
			path = testSetting;
			sourceTree = "<group>";
		};
		74B6512D1EFD031F004865BC /* Supporting Files */ = {
			isa = PBXGroup;
			children = (
				74B6512E1EFD031F004865BC /* main.m */,
			);
			name = "Supporting Files";
			sourceTree = "<group>";
		};
/* End PBXGroup section */

/* Begin PBXNativeTarget section */
		74B651291EFD031F004865BC /* testSetting */ = {
			isa = PBXNativeTarget;
			buildConfigurationList = 74B651441EFD031F004865BC /* Build configuration list for PBXNativeTarget "testSetting" */;
			buildPhases = (
				74B651261EFD031F004865BC /* Sources */,
				74B651271EFD031F004865BC /* Frameworks */,
				74B651281EFD031F004865BC /* Resources */,
			);
			buildRules = (
			);
			dependencies = (
			);
			name = testSetting;
			productName = testSetting;
			productReference = 74B6512A1EFD031F004865BC /* testSetting.app */;
			productType = "com.apple.product-type.application";
		};
/* End PBXNativeTarget section */

/* Begin PBXProject section */
		74B651221EFD031F004865BC /* Project object */ = {
			isa = PBXProject;
			attributes = {
				LastUpgradeCheck = 0810;
				ORGANIZATIONNAME = upixels;
				TargetAttributes = {
					74B651291EFD031F004865BC = {
						CreatedOnToolsVersion = 8.1;
						DevelopmentTeam = F29T8BA565;
						ProvisioningStyle = Automatic;
					};
				};
			};
			buildConfigurationList = 74B651251EFD031F004865BC /* Build configuration list for PBXProject "testSetting" */;
			compatibilityVersion = "Xcode 3.2";
			developmentRegion = English;
			hasScannedForEncodings = 0;
			knownRegions = (
				en,
				Base,
			);
			mainGroup = 74B651211EFD031F004865BC;
			productRefGroup = 74B6512B1EFD031F004865BC /* Products */;
			projectDirPath = "";
			projectRoot = "";
			targets = (
				74B651291EFD031F004865BC /* testSetting */,
			);
		};
/* End PBXProject section */

/* Begin PBXResourcesBuildPhase section */
		74B651281EFD031F004865BC /* Resources */ = {
			isa = PBXResourcesBuildPhase;
			buildActionMask = 2147483647;
			files = (
				74B6514C1EFD0B57004865BC /* Settings.bundle in Resources */,
				74B651401EFD031F004865BC /* LaunchScreen.storyboard in Resources */,
				74B6513D1EFD031F004865BC /* Assets.xcassets in Resources */,
				74B651381EFD031F004865BC /* Main.storyboard in Resources */,
			);
			runOnlyForDeploymentPostprocessing = 0;
		};
/* End PBXResourcesBuildPhase section */

/* Begin PBXSourcesBuildPhase section */
		74B651261EFD031F004865BC /* Sources */ = {
			isa = PBXSourcesBuildPhase;
			buildActionMask = 2147483647;
			files = (
				74B651351EFD031F004865BC /* ViewController.m in Sources */,
				74B651321EFD031F004865BC /* AppDelegate.m in Sources */,
				74B6513B1EFD031F004865BC /* testSetting.xcdatamodeld in Sources */,
				74B6512F1EFD031F004865BC /* main.m in Sources */,
			);
			runOnlyForDeploymentPostprocessing = 0;
		};
/* End PBXSourcesBuildPhase section */

/* Begin PBXVariantGroup section */
		74B651361EFD031F004865BC /* Main.storyboard */ = {
			isa = PBXVariantGroup;
			children = (
				74B651371EFD031F004865BC /* Base */,
			);
			name = Main.storyboard;
			sourceTree = "<group>";
		};
		74B6513E1EFD031F004865BC /* LaunchScreen.storyboard */ = {
			isa = PBXVariantGroup;
			children = (
				74B6513F1EFD031F004865BC /* Base */,
			);
			name = LaunchScreen.storyboard;
			sourceTree = "<group>";
		};
/* End PBXVariantGroup section */

/* Begin XCBuildConfiguration section */
		74B651421EFD031F004865BC /* Debug */ = {
			isa = XCBuildConfiguration;
			buildSettings = {
				ALWAYS_SEARCH_USER_PATHS = NO;
				CLANG_ANALYZER_NONNULL = YES;
				CLANG_CXX_LANGUAGE_STANDARD = "gnu++0x";
				CLANG_CXX_LIBRARY = "libc++";
				CLANG_ENABLE_MODULES = YES;
				CLANG_ENABLE_OBJC_ARC = YES;
				CLANG_WARN_BOOL_CONVERSION = YES;
				CLANG_WARN_CONSTANT_CONVERSION = YES;
				CLANG_WARN_DIRECT_OBJC_ISA_USAGE = YES_ERROR;
				CLANG_WARN_DOCUMENTATION_COMMENTS = YES;
				CLANG_WARN_EMPTY_BODY = YES;
				CLANG_WARN_ENUM_CONVERSION = YES;
				CLANG_WARN_INFINITE_RECURSION = YES;
				CLANG_WARN_INT_CONVERSION = YES;
				CLANG_WARN_OBJC_ROOT_CLASS = YES_ERROR;
				CLANG_WARN_SUSPICIOUS_MOVES = YES;
				CLANG_WARN_UNREACHABLE_CODE = YES;
				CLANG_WARN__DUPLICATE_METHOD_MATCH = YES;
				"CODE_SIGN_IDENTITY[sdk=iphoneos*]" = "iPhone Developer";
				COPY_PHASE_STRIP = NO;
				DEBUG_INFORMATION_FORMAT = dwarf;
				ENABLE_STRICT_OBJC_MSGSEND = YES;
				ENABLE_TESTABILITY = YES;
				GCC_C_LANGUAGE_STANDARD = gnu99;
				GCC_DYNAMIC_NO_PIC = NO;
				GCC_NO_COMMON_BLOCKS = YES;
				GCC_OPTIMIZATION_LEVEL = 0;
				GCC_PREPROCESSOR_DEFINITIONS = (
					"DEBUG=1",
					"$(inherited)",
				);
				GCC_WARN_64_TO_32_BIT_CONVERSION = YES;
				GCC_WARN_ABOUT_RETURN_TYPE = YES_ERROR;
				GCC_WARN_UNDECLARED_SELECTOR = YES;
				GCC_WARN_UNINITIALIZED_AUTOS = YES_AGGRESSIVE;
				GCC_WARN_UNUSED_FUNCTION = YES;
				GCC_WARN_UNUSED_VARIABLE = YES;
				IPHONEOS_DEPLOYMENT_TARGET = 10.1;
				MTL_ENABLE_DEBUG_INFO = YES;
				ONLY_ACTIVE_ARCH = YES;
				SDKROOT = iphoneos;
				TARGETED_DEVICE_FAMILY = "1,2";
			};
			name = Debug;
		};
		74B651431EFD031F004865BC /* Release */ = {
			isa = XCBuildConfiguration;
			buildSettings = {
				ALWAYS_SEARCH_USER_PATHS = NO;
				CLANG_ANALYZER_NONNULL = YES;
				CLANG_CXX_LANGUAGE_STANDARD = "gnu++0x";
				CLANG_CXX_LIBRARY = "libc++";
				CLANG_ENABLE_MODULES = YES;
				CLANG_ENABLE_OBJC_ARC = YES;
				CLANG_WARN_BOOL_CONVERSION = YES;
				CLANG_WARN_CONSTANT_CONVERSION = YES;
				CLANG_WARN_DIRECT_OBJC_ISA_USAGE = YES_ERROR;
				CLANG_WARN_DOCUMENTATION_COMMENTS = YES;
				CLANG_WARN_EMPTY_BODY = YES;
				CLANG_WARN_ENUM_CONVERSION = YES;
				CLANG_WARN_INFINITE_RECURSION = YES;
				CLANG_WARN_INT_CONVERSION = YES;
				CLANG_WARN_OBJC_ROOT_CLASS = YES_ERROR;
				CLANG_WARN_SUSPICIOUS_MOVES = YES;
				CLANG_WARN_UNREACHABLE_CODE = YES;
				CLANG_WARN__DUPLICATE_METHOD_MATCH = YES;
				"CODE_SIGN_IDENTITY[sdk=iphoneos*]" = "iPhone Developer";
				COPY_PHASE_STRIP = NO;
				DEBUG_INFORMATION_FORMAT = "dwarf-with-dsym";
				ENABLE_NS_ASSERTIONS = NO;
				ENABLE_STRICT_OBJC_MSGSEND = YES;
				GCC_C_LANGUAGE_STANDARD = gnu99;
				GCC_NO_COMMON_BLOCKS = YES;
				GCC_WARN_64_TO_32_BIT_CONVERSION = YES;
				GCC_WARN_ABOUT_RETURN_TYPE = YES_ERROR;
				GCC_WARN_UNDECLARED_SELECTOR = YES;
				GCC_WARN_UNINITIALIZED_AUTOS = YES_AGGRESSIVE;
				GCC_WARN_UNUSED_FUNCTION = YES;
				GCC_WARN_UNUSED_VARIABLE = YES;
				IPHONEOS_DEPLOYMENT_TARGET = 10.1;
				MTL_ENABLE_DEBUG_INFO = NO;
				SDKROOT = iphoneos;
				TARGETED_DEVICE_FAMILY = "1,2";
				VALIDATE_PRODUCT = YES;
			};
			name = Release;
		};
		74B651451EFD031F004865BC /* Debug */ = {
			isa = XCBuildConfiguration;
			buildSettings = {
				ASSETCATALOG_COMPILER_APPICON_NAME = AppIcon;
				DEVELOPMENT_TEAM = F29T8BA565;
				INFOPLIST_FILE = testSetting/Info.plist;
				IPHONEOS_DEPLOYMENT_TARGET = 8.0;
				LD_RUNPATH_SEARCH_PATHS = "$(inherited) @executable_path/Frameworks";
				PRODUCT_BUNDLE_IDENTIFIER = com.upixels.testSetting;
				PRODUCT_NAME = "$(TARGET_NAME)";
			};
			name = Debug;
		};
		74B651461EFD031F004865BC /* Release */ = {
			isa = XCBuildConfiguration;
			buildSettings = {
				ASSETCATALOG_COMPILER_APPICON_NAME = AppIcon;
				DEVELOPMENT_TEAM = F29T8BA565;
				INFOPLIST_FILE = testSetting/Info.plist;
				IPHONEOS_DEPLOYMENT_TARGET = 8.0;
				LD_RUNPATH_SEARCH_PATHS = "$(inherited) @executable_path/Frameworks";
				PRODUCT_BUNDLE_IDENTIFIER = com.upixels.testSetting;
				PRODUCT_NAME = "$(TARGET_NAME)";
			};
			name = Release;
		};
/* End XCBuildConfiguration section */

/* Begin XCConfigurationList section */
		74B651251EFD031F004865BC /* Build configuration list for PBXProject "testSetting" */ = {
			isa = XCConfigurationList;
			buildConfigurations = (
				74B651421EFD031F004865BC /* Debug */,
				74B651431EFD031F004865BC /* Release */,
			);
			defaultConfigurationIsVisible = 0;
			defaultConfigurationName = Release;
		};
		74B651441EFD031F004865BC /* Build configuration list for PBXNativeTarget "testSetting" */ = {
			isa = XCConfigurationList;
			buildConfigurations = (
				74B651451EFD031F004865BC /* Debug */,
				74B651461EFD031F004865BC /* Release */,
			);
			defaultConfigurationIsVisible = 0;
		};
/* End XCConfigurationList section */

/* Begin XCVersionGroup section */
		74B651391EFD031F004865BC /* testSetting.xcdatamodeld */ = {
			isa = XCVersionGroup;
			children = (
				74B6513A1EFD031F004865BC /* testSetting.xcdatamodel */,
			);
			currentVersion = 74B6513A1EFD031F004865BC /* testSetting.xcdatamodel */;
			path = testSetting.xcdatamodeld;
			sourceTree = "<group>";
			versionGroupType = wrapper.xcdatamodel;
		};
/* End XCVersionGroup section */
	};
	rootObject = 74B651221EFD031F004865BC /* Project object */;
}
