// !$*UTF8*$!
{
	archiveVersion = 1;
	classes = {
	};
	objectVersion = 46;
	objects = {

/* Begin PBXBuildFile section */
		74E135821EF8FF000063F648 /* main.m in Sources */ = {isa = PBXBuildFile; fileRef = 74E135811EF8FF000063F648 /* main.m */; };
		74E135851EF8FF000063F648 /* AppDelegate.m in Sources */ = {isa = PBXBuildFile; fileRef = 74E135841EF8FF000063F648 /* AppDelegate.m */; };
		74E135881EF8FF000063F648 /* ViewController.m in Sources */ = {isa = PBXBuildFile; fileRef = 74E135871EF8FF000063F648 /* ViewController.m */; };
		74E1358B1EF8FF000063F648 /* Main.storyboard in Resources */ = {isa = PBXBuildFile; fileRef = 74E135891EF8FF000063F648 /* Main.storyboard */; };
		74E1358E1EF8FF000063F648 /* CFNetwork.xcdatamodeld in Sources */ = {isa = PBXBuildFile; fileRef = 74E1358C1EF8FF000063F648 /* CFNetwork.xcdatamodeld */; };
		74E135901EF8FF000063F648 /* Assets.xcassets in Resources */ = {isa = PBXBuildFile; fileRef = 74E1358F1EF8FF000063F648 /* Assets.xcassets */; };
		74E135931EF8FF000063F648 /* LaunchScreen.storyboard in Resources */ = {isa = PBXBuildFile; fileRef = 74E135911EF8FF000063F648 /* LaunchScreen.storyboard */; };
		74E1359B1EF8FF8B0063F648 /* CFNetwork.framework in Frameworks */ = {isa = PBXBuildFile; fileRef = 74E1359A1EF8FF8B0063F648 /* CFNetwork.framework */; };
/* End PBXBuildFile section */

/* Begin PBXFileReference section */
		74E1357D1EF8FF000063F648 /* CFNetwork.app */ = {isa = PBXFileReference; explicitFileType = wrapper.application; includeInIndex = 0; path = CFNetwork.app; sourceTree = BUILT_PRODUCTS_DIR; };
		74E135811EF8FF000063F648 /* main.m */ = {isa = PBXFileReference; lastKnownFileType = sourcecode.c.objc; path = main.m; sourceTree = "<group>"; };
		74E135831EF8FF000063F648 /* AppDelegate.h */ = {isa = PBXFileReference; lastKnownFileType = sourcecode.c.h; path = AppDelegate.h; sourceTree = "<group>"; };
		74E135841EF8FF000063F648 /* AppDelegate.m */ = {isa = PBXFileReference; lastKnownFileType = sourcecode.c.objc; path = AppDelegate.m; sourceTree = "<group>"; };
		74E135861EF8FF000063F648 /* ViewController.h */ = {isa = PBXFileReference; lastKnownFileType = sourcecode.c.h; path = ViewController.h; sourceTree = "<group>"; };
		74E135871EF8FF000063F648 /* ViewController.m */ = {isa = PBXFileReference; lastKnownFileType = sourcecode.c.objc; path = ViewController.m; sourceTree = "<group>"; };
		74E1358A1EF8FF000063F648 /* Base */ = {isa = PBXFileReference; lastKnownFileType = file.storyboard; name = Base; path = Base.lproj/Main.storyboard; sourceTree = "<group>"; };
		74E1358D1EF8FF000063F648 /* CFNetwork.xcdatamodel */ = {isa = PBXFileReference; lastKnownFileType = wrapper.xcdatamodel; path = CFNetwork.xcdatamodel; sourceTree = "<group>"; };
		74E1358F1EF8FF000063F648 /* Assets.xcassets */ = {isa = PBXFileReference; lastKnownFileType = folder.assetcatalog; path = Assets.xcassets; sourceTree = "<group>"; };
		74E135921EF8FF000063F648 /* Base */ = {isa = PBXFileReference; lastKnownFileType = file.storyboard; name = Base; path = Base.lproj/LaunchScreen.storyboard; sourceTree = "<group>"; };
		74E135941EF8FF000063F648 /* Info.plist */ = {isa = PBXFileReference; lastKnownFileType = text.plist.xml; path = Info.plist; sourceTree = "<group>"; };
		74E1359A1EF8FF8B0063F648 /* CFNetwork.framework */ = {isa = PBXFileReference; lastKnownFileType = wrapper.framework; name = CFNetwork.framework; path = Platforms/iPhoneOS.platform/Developer/SDKs/iPhoneOS.sdk/System/Library/Frameworks/CFNetwork.framework; sourceTree = DEVELOPER_DIR; };
/* End PBXFileReference section */

/* Begin PBXFrameworksBuildPhase section */
		74E1357A1EF8FF000063F648 /* Frameworks */ = {
			isa = PBXFrameworksBuildPhase;
			buildActionMask = 2147483647;
			files = (
				74E1359B1EF8FF8B0063F648 /* CFNetwork.framework in Frameworks */,
			);
			runOnlyForDeploymentPostprocessing = 0;
		};
/* End PBXFrameworksBuildPhase section */

/* Begin PBXGroup section */
		74E135741EF8FF000063F648 = {
			isa = PBXGroup;
			children = (
				74E1359A1EF8FF8B0063F648 /* CFNetwork.framework */,
				74E1357F1EF8FF000063F648 /* CFNetwork */,
				74E1357E1EF8FF000063F648 /* Products */,
			);
			sourceTree = "<group>";
		};
		74E1357E1EF8FF000063F648 /* Products */ = {
			isa = PBXGroup;
			children = (
				74E1357D1EF8FF000063F648 /* CFNetwork.app */,
			);
			name = Products;
			sourceTree = "<group>";
		};
		74E1357F1EF8FF000063F648 /* CFNetwork */ = {
			isa = PBXGroup;
			children = (
				74E135831EF8FF000063F648 /* AppDelegate.h */,
				74E135841EF8FF000063F648 /* AppDelegate.m */,
				74E135861EF8FF000063F648 /* ViewController.h */,
				74E135871EF8FF000063F648 /* ViewController.m */,
				74E135891EF8FF000063F648 /* Main.storyboard */,
				74E1358F1EF8FF000063F648 /* Assets.xcassets */,
				74E135911EF8FF000063F648 /* LaunchScreen.storyboard */,
				74E135941EF8FF000063F648 /* Info.plist */,
				74E1358C1EF8FF000063F648 /* CFNetwork.xcdatamodeld */,
				74E135801EF8FF000063F648 /* Supporting Files */,
			);
			path = CFNetwork;
			sourceTree = "<group>";
		};
		74E135801EF8FF000063F648 /* Supporting Files */ = {
			isa = PBXGroup;
			children = (
				74E135811EF8FF000063F648 /* main.m */,
			);
			name = "Supporting Files";
			sourceTree = "<group>";
		};
/* End PBXGroup section */

/* Begin PBXNativeTarget section */
		74E1357C1EF8FF000063F648 /* CFNetwork */ = {
			isa = PBXNativeTarget;
			buildConfigurationList = 74E135971EF8FF000063F648 /* Build configuration list for PBXNativeTarget "CFNetwork" */;
			buildPhases = (
				74E135791EF8FF000063F648 /* Sources */,
				74E1357A1EF8FF000063F648 /* Frameworks */,
				74E1357B1EF8FF000063F648 /* Resources */,
			);
			buildRules = (
			);
			dependencies = (
			);
			name = CFNetwork;
			productName = CFNetwork;
			productReference = 74E1357D1EF8FF000063F648 /* CFNetwork.app */;
			productType = "com.apple.product-type.application";
		};
/* End PBXNativeTarget section */

/* Begin PBXProject section */
		74E135751EF8FF000063F648 /* Project object */ = {
			isa = PBXProject;
			attributes = {
				LastUpgradeCheck = 0810;
				ORGANIZATIONNAME = upixels;
				TargetAttributes = {
					74E1357C1EF8FF000063F648 = {
						CreatedOnToolsVersion = 8.1;
						DevelopmentTeam = F29T8BA565;
						ProvisioningStyle = Automatic;
					};
				};
			};
			buildConfigurationList = 74E135781EF8FF000063F648 /* Build configuration list for PBXProject "CFNetwork" */;
			compatibilityVersion = "Xcode 3.2";
			developmentRegion = English;
			hasScannedForEncodings = 0;
			knownRegions = (
				en,
				Base,
			);
			mainGroup = 74E135741EF8FF000063F648;
			productRefGroup = 74E1357E1EF8FF000063F648 /* Products */;
			projectDirPath = "";
			projectRoot = "";
			targets = (
				74E1357C1EF8FF000063F648 /* CFNetwork */,
			);
		};
/* End PBXProject section */

/* Begin PBXResourcesBuildPhase section */
		74E1357B1EF8FF000063F648 /* Resources */ = {
			isa = PBXResourcesBuildPhase;
			buildActionMask = 2147483647;
			files = (
				74E135931EF8FF000063F648 /* LaunchScreen.storyboard in Resources */,
				74E135901EF8FF000063F648 /* Assets.xcassets in Resources */,
				74E1358B1EF8FF000063F648 /* Main.storyboard in Resources */,
			);
			runOnlyForDeploymentPostprocessing = 0;
		};
/* End PBXResourcesBuildPhase section */

/* Begin PBXSourcesBuildPhase section */
		74E135791EF8FF000063F648 /* Sources */ = {
			isa = PBXSourcesBuildPhase;
			buildActionMask = 2147483647;
			files = (
				74E135881EF8FF000063F648 /* ViewController.m in Sources */,
				74E1358E1EF8FF000063F648 /* CFNetwork.xcdatamodeld in Sources */,
				74E135851EF8FF000063F648 /* AppDelegate.m in Sources */,
				74E135821EF8FF000063F648 /* main.m in Sources */,
			);
			runOnlyForDeploymentPostprocessing = 0;
		};
/* End PBXSourcesBuildPhase section */

/* Begin PBXVariantGroup section */
		74E135891EF8FF000063F648 /* Main.storyboard */ = {
			isa = PBXVariantGroup;
			children = (
				74E1358A1EF8FF000063F648 /* Base */,
			);
			name = Main.storyboard;
			sourceTree = "<group>";
		};
		74E135911EF8FF000063F648 /* LaunchScreen.storyboard */ = {
			isa = PBXVariantGroup;
			children = (
				74E135921EF8FF000063F648 /* Base */,
			);
			name = LaunchScreen.storyboard;
			sourceTree = "<group>";
		};
/* End PBXVariantGroup section */

/* Begin XCBuildConfiguration section */
		74E135951EF8FF000063F648 /* Debug */ = {
			isa = XCBuildConfiguration;
			buildSettings = {
				ALWAYS_SEARCH_USER_PATHS = NO;
				CLANG_ANALYZER_NONNULL = YES;
				CLANG_CXX_LANGUAGE_STANDARD = "gnu++0x";
				CLANG_CXX_LIBRARY = "libc++";
				CLANG_ENABLE_MODULES = YES;
				CLANG_ENABLE_OBJC_ARC = YES;
				CLANG_WARN_BOOL_CONVERSION = YES;
				CLANG_WARN_CONSTANT_CONVERSION = YES;
				CLANG_WARN_DIRECT_OBJC_ISA_USAGE = YES_ERROR;
				CLANG_WARN_DOCUMENTATION_COMMENTS = YES;
				CLANG_WARN_EMPTY_BODY = YES;
				CLANG_WARN_ENUM_CONVERSION = YES;
				CLANG_WARN_INFINITE_RECURSION = YES;
				CLANG_WARN_INT_CONVERSION = YES;
				CLANG_WARN_OBJC_ROOT_CLASS = YES_ERROR;
				CLANG_WARN_SUSPICIOUS_MOVES = YES;
				CLANG_WARN_UNREACHABLE_CODE = YES;
				CLANG_WARN__DUPLICATE_METHOD_MATCH = YES;
				"CODE_SIGN_IDENTITY[sdk=iphoneos*]" = "iPhone Developer";
				COPY_PHASE_STRIP = NO;
				DEBUG_INFORMATION_FORMAT = dwarf;
				ENABLE_STRICT_OBJC_MSGSEND = YES;
				ENABLE_TESTABILITY = YES;
				GCC_C_LANGUAGE_STANDARD = gnu99;
				GCC_DYNAMIC_NO_PIC = NO;
				GCC_NO_COMMON_BLOCKS = YES;
				GCC_OPTIMIZATION_LEVEL = 0;
				GCC_PREPROCESSOR_DEFINITIONS = (
					"DEBUG=1",
					"$(inherited)",
				);
				GCC_WARN_64_TO_32_BIT_CONVERSION = YES;
				GCC_WARN_ABOUT_RETURN_TYPE = YES_ERROR;
				GCC_WARN_UNDECLARED_SELECTOR = YES;
				GCC_WARN_UNINITIALIZED_AUTOS = YES_AGGRESSIVE;
				GCC_WARN_UNUSED_FUNCTION = YES;
				GCC_WARN_UNUSED_VARIABLE = YES;
				IPHONEOS_DEPLOYMENT_TARGET = 10.1;
				MTL_ENABLE_DEBUG_INFO = YES;
				ONLY_ACTIVE_ARCH = YES;
				SDKROOT = iphoneos;
				TARGETED_DEVICE_FAMILY = "1,2";
			};
			name = Debug;
		};
		74E135961EF8FF000063F648 /* Release */ = {
			isa = XCBuildConfiguration;
			buildSettings = {
				ALWAYS_SEARCH_USER_PATHS = NO;
				CLANG_ANALYZER_NONNULL = YES;
				CLANG_CXX_LANGUAGE_STANDARD = "gnu++0x";
				CLANG_CXX_LIBRARY = "libc++";
				CLANG_ENABLE_MODULES = YES;
				CLANG_ENABLE_OBJC_ARC = YES;
				CLANG_WARN_BOOL_CONVERSION = YES;
				CLANG_WARN_CONSTANT_CONVERSION = YES;
				CLANG_WARN_DIRECT_OBJC_ISA_USAGE = YES_ERROR;
				CLANG_WARN_DOCUMENTATION_COMMENTS = YES;
				CLANG_WARN_EMPTY_BODY = YES;
				CLANG_WARN_ENUM_CONVERSION = YES;
				CLANG_WARN_INFINITE_RECURSION = YES;
				CLANG_WARN_INT_CONVERSION = YES;
				CLANG_WARN_OBJC_ROOT_CLASS = YES_ERROR;
				CLANG_WARN_SUSPICIOUS_MOVES = YES;
				CLANG_WARN_UNREACHABLE_CODE = YES;
				CLANG_WARN__DUPLICATE_METHOD_MATCH = YES;
				"CODE_SIGN_IDENTITY[sdk=iphoneos*]" = "iPhone Developer";
				COPY_PHASE_STRIP = NO;
				DEBUG_INFORMATION_FORMAT = "dwarf-with-dsym";
				ENABLE_NS_ASSERTIONS = NO;
				ENABLE_STRICT_OBJC_MSGSEND = YES;
				GCC_C_LANGUAGE_STANDARD = gnu99;
				GCC_NO_COMMON_BLOCKS = YES;
				GCC_WARN_64_TO_32_BIT_CONVERSION = YES;
				GCC_WARN_ABOUT_RETURN_TYPE = YES_ERROR;
				GCC_WARN_UNDECLARED_SELECTOR = YES;
				GCC_WARN_UNINITIALIZED_AUTOS = YES_AGGRESSIVE;
				GCC_WARN_UNUSED_FUNCTION = YES;
				GCC_WARN_UNUSED_VARIABLE = YES;
				IPHONEOS_DEPLOYMENT_TARGET = 10.1;
				MTL_ENABLE_DEBUG_INFO = NO;
				SDKROOT = iphoneos;
				TARGETED_DEVICE_FAMILY = "1,2";
				VALIDATE_PRODUCT = YES;
			};
			name = Release;
		};
		74E135981EF8FF000063F648 /* Debug */ = {
			isa = XCBuildConfiguration;
			buildSettings = {
				ASSETCATALOG_COMPILER_APPICON_NAME = AppIcon;
				DEVELOPMENT_TEAM = F29T8BA565;
				INFOPLIST_FILE = CFNetwork/Info.plist;
				IPHONEOS_DEPLOYMENT_TARGET = 8.0;
				LD_RUNPATH_SEARCH_PATHS = "$(inherited) @executable_path/Frameworks";
				PRODUCT_BUNDLE_IDENTIFIER = com.upixels.CFNetwork;
				PRODUCT_NAME = "$(TARGET_NAME)";
			};
			name = Debug;
		};
		74E135991EF8FF000063F648 /* Release */ = {
			isa = XCBuildConfiguration;
			buildSettings = {
				ASSETCATALOG_COMPILER_APPICON_NAME = AppIcon;
				DEVELOPMENT_TEAM = F29T8BA565;
				INFOPLIST_FILE = CFNetwork/Info.plist;
				IPHONEOS_DEPLOYMENT_TARGET = 8.0;
				LD_RUNPATH_SEARCH_PATHS = "$(inherited) @executable_path/Frameworks";
				PRODUCT_BUNDLE_IDENTIFIER = com.upixels.CFNetwork;
				PRODUCT_NAME = "$(TARGET_NAME)";
			};
			name = Release;
		};
/* End XCBuildConfiguration section */

/* Begin XCConfigurationList section */
		74E135781EF8FF000063F648 /* Build configuration list for PBXProject "CFNetwork" */ = {
			isa = XCConfigurationList;
			buildConfigurations = (
				74E135951EF8FF000063F648 /* Debug */,
				74E135961EF8FF000063F648 /* Release */,
			);
			defaultConfigurationIsVisible = 0;
			defaultConfigurationName = Release;
		};
		74E135971EF8FF000063F648 /* Build configuration list for PBXNativeTarget "CFNetwork" */ = {
			isa = XCConfigurationList;
			buildConfigurations = (
				74E135981EF8FF000063F648 /* Debug */,
				74E135991EF8FF000063F648 /* Release */,
			);
			defaultConfigurationIsVisible = 0;
			defaultConfigurationName = Release;
		};
/* End XCConfigurationList section */

/* Begin XCVersionGroup section */
		74E1358C1EF8FF000063F648 /* CFNetwork.xcdatamodeld */ = {
			isa = XCVersionGroup;
			children = (
				74E1358D1EF8FF000063F648 /* CFNetwork.xcdatamodel */,
			);
			currentVersion = 74E1358D1EF8FF000063F648 /* CFNetwork.xcdatamodel */;
			path = CFNetwork.xcdatamodeld;
			sourceTree = "<group>";
			versionGroupType = wrapper.xcdatamodel;
		};
/* End XCVersionGroup section */
	};
	rootObject = 74E135751EF8FF000063F648 /* Project object */;
}
