// !$*UTF8*$!
{
	archiveVersion = 1;
	classes = {
	};
	objectVersion = 46;
	objects = {

/* Begin PBXBuildFile section */
		741CA2961EFBBA150047A7F5 /* main.m in Sources */ = {isa = PBXBuildFile; fileRef = 741CA2951EFBBA150047A7F5 /* main.m */; };
		741CA2991EFBBA150047A7F5 /* AppDelegate.m in Sources */ = {isa = PBXBuildFile; fileRef = 741CA2981EFBBA150047A7F5 /* AppDelegate.m */; };
		741CA29C1EFBBA150047A7F5 /* ViewController.m in Sources */ = {isa = PBXBuildFile; fileRef = 741CA29B1EFBBA150047A7F5 /* ViewController.m */; };
		741CA29F1EFBBA150047A7F5 /* Main.storyboard in Resources */ = {isa = PBXBuildFile; fileRef = 741CA29D1EFBBA150047A7F5 /* Main.storyboard */; };
		741CA2A21EFBBA150047A7F5 /* UIResponder.xcdatamodeld in Sources */ = {isa = PBXBuildFile; fileRef = 741CA2A01EFBBA150047A7F5 /* UIResponder.xcdatamodeld */; };
		741CA2A41EFBBA150047A7F5 /* Assets.xcassets in Resources */ = {isa = PBXBuildFile; fileRef = 741CA2A31EFBBA150047A7F5 /* Assets.xcassets */; };
		741CA2A71EFBBA150047A7F5 /* LaunchScreen.storyboard in Resources */ = {isa = PBXBuildFile; fileRef = 741CA2A51EFBBA150047A7F5 /* LaunchScreen.storyboard */; };
/* End PBXBuildFile section */

/* Begin PBXFileReference section */
		741CA2911EFBBA150047A7F5 /* UIResponder.app */ = {isa = PBXFileReference; explicitFileType = wrapper.application; includeInIndex = 0; path = UIResponder.app; sourceTree = BUILT_PRODUCTS_DIR; };
		741CA2951EFBBA150047A7F5 /* main.m */ = {isa = PBXFileReference; lastKnownFileType = sourcecode.c.objc; path = main.m; sourceTree = "<group>"; };
		741CA2971EFBBA150047A7F5 /* AppDelegate.h */ = {isa = PBXFileReference; lastKnownFileType = sourcecode.c.h; path = AppDelegate.h; sourceTree = "<group>"; };
		741CA2981EFBBA150047A7F5 /* AppDelegate.m */ = {isa = PBXFileReference; lastKnownFileType = sourcecode.c.objc; path = AppDelegate.m; sourceTree = "<group>"; };
		741CA29A1EFBBA150047A7F5 /* ViewController.h */ = {isa = PBXFileReference; lastKnownFileType = sourcecode.c.h; path = ViewController.h; sourceTree = "<group>"; };
		741CA29B1EFBBA150047A7F5 /* ViewController.m */ = {isa = PBXFileReference; lastKnownFileType = sourcecode.c.objc; path = ViewController.m; sourceTree = "<group>"; };
		741CA29E1EFBBA150047A7F5 /* Base */ = {isa = PBXFileReference; lastKnownFileType = file.storyboard; name = Base; path = Base.lproj/Main.storyboard; sourceTree = "<group>"; };
		741CA2A11EFBBA150047A7F5 /* UIResponder.xcdatamodel */ = {isa = PBXFileReference; lastKnownFileType = wrapper.xcdatamodel; path = UIResponder.xcdatamodel; sourceTree = "<group>"; };
		741CA2A31EFBBA150047A7F5 /* Assets.xcassets */ = {isa = PBXFileReference; lastKnownFileType = folder.assetcatalog; path = Assets.xcassets; sourceTree = "<group>"; };
		741CA2A61EFBBA150047A7F5 /* Base */ = {isa = PBXFileReference; lastKnownFileType = file.storyboard; name = Base; path = Base.lproj/LaunchScreen.storyboard; sourceTree = "<group>"; };
		741CA2A81EFBBA150047A7F5 /* Info.plist */ = {isa = PBXFileReference; lastKnownFileType = text.plist.xml; path = Info.plist; sourceTree = "<group>"; };
/* End PBXFileReference section */

/* Begin PBXFrameworksBuildPhase section */
		741CA28E1EFBBA150047A7F5 /* Frameworks */ = {
			isa = PBXFrameworksBuildPhase;
			buildActionMask = 2147483647;
			files = (
			);
			runOnlyForDeploymentPostprocessing = 0;
		};
/* End PBXFrameworksBuildPhase section */

/* Begin PBXGroup section */
		741CA2881EFBBA150047A7F5 = {
			isa = PBXGroup;
			children = (
				741CA2931EFBBA150047A7F5 /* UIResponder */,
				741CA2921EFBBA150047A7F5 /* Products */,
			);
			sourceTree = "<group>";
		};
		741CA2921EFBBA150047A7F5 /* Products */ = {
			isa = PBXGroup;
			children = (
				741CA2911EFBBA150047A7F5 /* UIResponder.app */,
			);
			name = Products;
			sourceTree = "<group>";
		};
		741CA2931EFBBA150047A7F5 /* UIResponder */ = {
			isa = PBXGroup;
			children = (
				741CA2971EFBBA150047A7F5 /* AppDelegate.h */,
				741CA2981EFBBA150047A7F5 /* AppDelegate.m */,
				741CA29A1EFBBA150047A7F5 /* ViewController.h */,
				741CA29B1EFBBA150047A7F5 /* ViewController.m */,
				741CA29D1EFBBA150047A7F5 /* Main.storyboard */,
				741CA2A31EFBBA150047A7F5 /* Assets.xcassets */,
				741CA2A51EFBBA150047A7F5 /* LaunchScreen.storyboard */,
				741CA2A81EFBBA150047A7F5 /* Info.plist */,
				741CA2A01EFBBA150047A7F5 /* UIResponder.xcdatamodeld */,
				741CA2941EFBBA150047A7F5 /* Supporting Files */,
			);
			path = UIResponder;
			sourceTree = "<group>";
		};
		741CA2941EFBBA150047A7F5 /* Supporting Files */ = {
			isa = PBXGroup;
			children = (
				741CA2951EFBBA150047A7F5 /* main.m */,
			);
			name = "Supporting Files";
			sourceTree = "<group>";
		};
/* End PBXGroup section */

/* Begin PBXNativeTarget section */
		741CA2901EFBBA150047A7F5 /* UIResponder */ = {
			isa = PBXNativeTarget;
			buildConfigurationList = 741CA2AB1EFBBA150047A7F5 /* Build configuration list for PBXNativeTarget "UIResponder" */;
			buildPhases = (
				741CA28D1EFBBA150047A7F5 /* Sources */,
				741CA28E1EFBBA150047A7F5 /* Frameworks */,
				741CA28F1EFBBA150047A7F5 /* Resources */,
			);
			buildRules = (
			);
			dependencies = (
			);
			name = UIResponder;
			productName = UIResponder;
			productReference = 741CA2911EFBBA150047A7F5 /* UIResponder.app */;
			productType = "com.apple.product-type.application";
		};
/* End PBXNativeTarget section */

/* Begin PBXProject section */
		741CA2891EFBBA150047A7F5 /* Project object */ = {
			isa = PBXProject;
			attributes = {
				LastUpgradeCheck = 0810;
				ORGANIZATIONNAME = upixels;
				TargetAttributes = {
					741CA2901EFBBA150047A7F5 = {
						CreatedOnToolsVersion = 8.1;
						DevelopmentTeam = F29T8BA565;
						ProvisioningStyle = Automatic;
					};
				};
			};
			buildConfigurationList = 741CA28C1EFBBA150047A7F5 /* Build configuration list for PBXProject "UIResponder" */;
			compatibilityVersion = "Xcode 3.2";
			developmentRegion = English;
			hasScannedForEncodings = 0;
			knownRegions = (
				en,
				Base,
			);
			mainGroup = 741CA2881EFBBA150047A7F5;
			productRefGroup = 741CA2921EFBBA150047A7F5 /* Products */;
			projectDirPath = "";
			projectRoot = "";
			targets = (
				741CA2901EFBBA150047A7F5 /* UIResponder */,
			);
		};
/* End PBXProject section */

/* Begin PBXResourcesBuildPhase section */
		741CA28F1EFBBA150047A7F5 /* Resources */ = {
			isa = PBXResourcesBuildPhase;
			buildActionMask = 2147483647;
			files = (
				741CA2A71EFBBA150047A7F5 /* LaunchScreen.storyboard in Resources */,
				741CA2A41EFBBA150047A7F5 /* Assets.xcassets in Resources */,
				741CA29F1EFBBA150047A7F5 /* Main.storyboard in Resources */,
			);
			runOnlyForDeploymentPostprocessing = 0;
		};
/* End PBXResourcesBuildPhase section */

/* Begin PBXSourcesBuildPhase section */
		741CA28D1EFBBA150047A7F5 /* Sources */ = {
			isa = PBXSourcesBuildPhase;
			buildActionMask = 2147483647;
			files = (
				741CA2A21EFBBA150047A7F5 /* UIResponder.xcdatamodeld in Sources */,
				741CA29C1EFBBA150047A7F5 /* ViewController.m in Sources */,
				741CA2991EFBBA150047A7F5 /* AppDelegate.m in Sources */,
				741CA2961EFBBA150047A7F5 /* main.m in Sources */,
			);
			runOnlyForDeploymentPostprocessing = 0;
		};
/* End PBXSourcesBuildPhase section */

/* Begin PBXVariantGroup section */
		741CA29D1EFBBA150047A7F5 /* Main.storyboard */ = {
			isa = PBXVariantGroup;
			children = (
				741CA29E1EFBBA150047A7F5 /* Base */,
			);
			name = Main.storyboard;
			sourceTree = "<group>";
		};
		741CA2A51EFBBA150047A7F5 /* LaunchScreen.storyboard */ = {
			isa = PBXVariantGroup;
			children = (
				741CA2A61EFBBA150047A7F5 /* Base */,
			);
			name = LaunchScreen.storyboard;
			sourceTree = "<group>";
		};
/* End PBXVariantGroup section */

/* Begin XCBuildConfiguration section */
		741CA2A91EFBBA150047A7F5 /* Debug */ = {
			isa = XCBuildConfiguration;
			buildSettings = {
				ALWAYS_SEARCH_USER_PATHS = NO;
				CLANG_ANALYZER_NONNULL = YES;
				CLANG_CXX_LANGUAGE_STANDARD = "gnu++0x";
				CLANG_CXX_LIBRARY = "libc++";
				CLANG_ENABLE_MODULES = YES;
				CLANG_ENABLE_OBJC_ARC = YES;
				CLANG_WARN_BOOL_CONVERSION = YES;
				CLANG_WARN_CONSTANT_CONVERSION = YES;
				CLANG_WARN_DIRECT_OBJC_ISA_USAGE = YES_ERROR;
				CLANG_WARN_DOCUMENTATION_COMMENTS = YES;
				CLANG_WARN_EMPTY_BODY = YES;
				CLANG_WARN_ENUM_CONVERSION = YES;
				CLANG_WARN_INFINITE_RECURSION = YES;
				CLANG_WARN_INT_CONVERSION = YES;
				CLANG_WARN_OBJC_ROOT_CLASS = YES_ERROR;
				CLANG_WARN_SUSPICIOUS_MOVES = YES;
				CLANG_WARN_UNREACHABLE_CODE = YES;
				CLANG_WARN__DUPLICATE_METHOD_MATCH = YES;
				"CODE_SIGN_IDENTITY[sdk=iphoneos*]" = "iPhone Developer";
				COPY_PHASE_STRIP = NO;
				DEBUG_INFORMATION_FORMAT = dwarf;
				ENABLE_STRICT_OBJC_MSGSEND = YES;
				ENABLE_TESTABILITY = YES;
				GCC_C_LANGUAGE_STANDARD = gnu99;
				GCC_DYNAMIC_NO_PIC = NO;
				GCC_NO_COMMON_BLOCKS = YES;
				GCC_OPTIMIZATION_LEVEL = 0;
				GCC_PREPROCESSOR_DEFINITIONS = (
					"DEBUG=1",
					"$(inherited)",
				);
				GCC_WARN_64_TO_32_BIT_CONVERSION = YES;
				GCC_WARN_ABOUT_RETURN_TYPE = YES_ERROR;
				GCC_WARN_UNDECLARED_SELECTOR = YES;
				GCC_WARN_UNINITIALIZED_AUTOS = YES_AGGRESSIVE;
				GCC_WARN_UNUSED_FUNCTION = YES;
				GCC_WARN_UNUSED_VARIABLE = YES;
				IPHONEOS_DEPLOYMENT_TARGET = 10.1;
				MTL_ENABLE_DEBUG_INFO = YES;
				ONLY_ACTIVE_ARCH = YES;
				SDKROOT = iphoneos;
				TARGETED_DEVICE_FAMILY = "1,2";
			};
			name = Debug;
		};
		741CA2AA1EFBBA150047A7F5 /* Release */ = {
			isa = XCBuildConfiguration;
			buildSettings = {
				ALWAYS_SEARCH_USER_PATHS = NO;
				CLANG_ANALYZER_NONNULL = YES;
				CLANG_CXX_LANGUAGE_STANDARD = "gnu++0x";
				CLANG_CXX_LIBRARY = "libc++";
				CLANG_ENABLE_MODULES = YES;
				CLANG_ENABLE_OBJC_ARC = YES;
				CLANG_WARN_BOOL_CONVERSION = YES;
				CLANG_WARN_CONSTANT_CONVERSION = YES;
				CLANG_WARN_DIRECT_OBJC_ISA_USAGE = YES_ERROR;
				CLANG_WARN_DOCUMENTATION_COMMENTS = YES;
				CLANG_WARN_EMPTY_BODY = YES;
				CLANG_WARN_ENUM_CONVERSION = YES;
				CLANG_WARN_INFINITE_RECURSION = YES;
				CLANG_WARN_INT_CONVERSION = YES;
				CLANG_WARN_OBJC_ROOT_CLASS = YES_ERROR;
				CLANG_WARN_SUSPICIOUS_MOVES = YES;
				CLANG_WARN_UNREACHABLE_CODE = YES;
				CLANG_WARN__DUPLICATE_METHOD_MATCH = YES;
				"CODE_SIGN_IDENTITY[sdk=iphoneos*]" = "iPhone Developer";
				COPY_PHASE_STRIP = NO;
				DEBUG_INFORMATION_FORMAT = "dwarf-with-dsym";
				ENABLE_NS_ASSERTIONS = NO;
				ENABLE_STRICT_OBJC_MSGSEND = YES;
				GCC_C_LANGUAGE_STANDARD = gnu99;
				GCC_NO_COMMON_BLOCKS = YES;
				GCC_WARN_64_TO_32_BIT_CONVERSION = YES;
				GCC_WARN_ABOUT_RETURN_TYPE = YES_ERROR;
				GCC_WARN_UNDECLARED_SELECTOR = YES;
				GCC_WARN_UNINITIALIZED_AUTOS = YES_AGGRESSIVE;
				GCC_WARN_UNUSED_FUNCTION = YES;
				GCC_WARN_UNUSED_VARIABLE = YES;
				IPHONEOS_DEPLOYMENT_TARGET = 10.1;
				MTL_ENABLE_DEBUG_INFO = NO;
				SDKROOT = iphoneos;
				TARGETED_DEVICE_FAMILY = "1,2";
				VALIDATE_PRODUCT = YES;
			};
			name = Release;
		};
		741CA2AC1EFBBA150047A7F5 /* Debug */ = {
			isa = XCBuildConfiguration;
			buildSettings = {
				ASSETCATALOG_COMPILER_APPICON_NAME = AppIcon;
				DEVELOPMENT_TEAM = F29T8BA565;
				INFOPLIST_FILE = UIResponder/Info.plist;
				LD_RUNPATH_SEARCH_PATHS = "$(inherited) @executable_path/Frameworks";
				PRODUCT_BUNDLE_IDENTIFIER = com.upixels.UIResponder;
				PRODUCT_NAME = "$(TARGET_NAME)";
			};
			name = Debug;
		};
		741CA2AD1EFBBA150047A7F5 /* Release */ = {
			isa = XCBuildConfiguration;
			buildSettings = {
				ASSETCATALOG_COMPILER_APPICON_NAME = AppIcon;
				DEVELOPMENT_TEAM = F29T8BA565;
				INFOPLIST_FILE = UIResponder/Info.plist;
				LD_RUNPATH_SEARCH_PATHS = "$(inherited) @executable_path/Frameworks";
				PRODUCT_BUNDLE_IDENTIFIER = com.upixels.UIResponder;
				PRODUCT_NAME = "$(TARGET_NAME)";
			};
			name = Release;
		};
/* End XCBuildConfiguration section */

/* Begin XCConfigurationList section */
		741CA28C1EFBBA150047A7F5 /* Build configuration list for PBXProject "UIResponder" */ = {
			isa = XCConfigurationList;
			buildConfigurations = (
				741CA2A91EFBBA150047A7F5 /* Debug */,
				741CA2AA1EFBBA150047A7F5 /* Release */,
			);
			defaultConfigurationIsVisible = 0;
			defaultConfigurationName = Release;
		};
		741CA2AB1EFBBA150047A7F5 /* Build configuration list for PBXNativeTarget "UIResponder" */ = {
			isa = XCConfigurationList;
			buildConfigurations = (
				741CA2AC1EFBBA150047A7F5 /* Debug */,
				741CA2AD1EFBBA150047A7F5 /* Release */,
			);
			defaultConfigurationIsVisible = 0;
		};
/* End XCConfigurationList section */

/* Begin XCVersionGroup section */
		741CA2A01EFBBA150047A7F5 /* UIResponder.xcdatamodeld */ = {
			isa = XCVersionGroup;
			children = (
				741CA2A11EFBBA150047A7F5 /* UIResponder.xcdatamodel */,
			);
			currentVersion = 741CA2A11EFBBA150047A7F5 /* UIResponder.xcdatamodel */;
			path = UIResponder.xcdatamodeld;
			sourceTree = "<group>";
			versionGroupType = wrapper.xcdatamodel;
		};
/* End XCVersionGroup section */
	};
	rootObject = 741CA2891EFBBA150047A7F5 /* Project object */;
}
