// !$*UTF8*$!
{
	archiveVersion = 1;
	classes = {
	};
	objectVersion = 46;
	objects = {

/* Begin PBXBuildFile section */
		740D35EC1EF28B0B00ECAB99 /* main.m in Sources */ = {isa = PBXBuildFile; fileRef = 740D35EB1EF28B0B00ECAB99 /* main.m */; };
		740D35EF1EF28B0B00ECAB99 /* AppDelegate.m in Sources */ = {isa = PBXBuildFile; fileRef = 740D35EE1EF28B0B00ECAB99 /* AppDelegate.m */; };
		740D35F21EF28B0B00ECAB99 /* ViewController.m in Sources */ = {isa = PBXBuildFile; fileRef = 740D35F11EF28B0B00ECAB99 /* ViewController.m */; settings = {COMPILER_FLAGS = "-fno-objc-arc"; }; };
		740D35F51EF28B0B00ECAB99 /* Main.storyboard in Resources */ = {isa = PBXBuildFile; fileRef = 740D35F31EF28B0B00ECAB99 /* Main.storyboard */; };
		740D35F81EF28B0B00ECAB99 /* testKVC.xcdatamodeld in Sources */ = {isa = PBXBuildFile; fileRef = 740D35F61EF28B0B00ECAB99 /* testKVC.xcdatamodeld */; };
		740D35FA1EF28B0B00ECAB99 /* Assets.xcassets in Resources */ = {isa = PBXBuildFile; fileRef = 740D35F91EF28B0B00ECAB99 /* Assets.xcassets */; };
		740D35FD1EF28B0B00ECAB99 /* LaunchScreen.storyboard in Resources */ = {isa = PBXBuildFile; fileRef = 740D35FB1EF28B0B00ECAB99 /* LaunchScreen.storyboard */; };
		740D36071EF28B2A00ECAB99 /* club.m in Sources */ = {isa = PBXBuildFile; fileRef = 740D36061EF28B2A00ECAB99 /* club.m */; settings = {COMPILER_FLAGS = "-fno-objc-arc"; }; };
		740D360A1EF28B4400ECAB99 /* footballer.m in Sources */ = {isa = PBXBuildFile; fileRef = 740D36091EF28B4400ECAB99 /* footballer.m */; settings = {COMPILER_FLAGS = "-fno-objc-arc"; }; };
/* End PBXBuildFile section */

/* Begin PBXFileReference section */
		740D35E71EF28B0B00ECAB99 /* testKVC.app */ = {isa = PBXFileReference; explicitFileType = wrapper.application; includeInIndex = 0; path = testKVC.app; sourceTree = BUILT_PRODUCTS_DIR; };
		740D35EB1EF28B0B00ECAB99 /* main.m */ = {isa = PBXFileReference; lastKnownFileType = sourcecode.c.objc; path = main.m; sourceTree = "<group>"; };
		740D35ED1EF28B0B00ECAB99 /* AppDelegate.h */ = {isa = PBXFileReference; lastKnownFileType = sourcecode.c.h; path = AppDelegate.h; sourceTree = "<group>"; };
		740D35EE1EF28B0B00ECAB99 /* AppDelegate.m */ = {isa = PBXFileReference; lastKnownFileType = sourcecode.c.objc; path = AppDelegate.m; sourceTree = "<group>"; };
		740D35F01EF28B0B00ECAB99 /* ViewController.h */ = {isa = PBXFileReference; lastKnownFileType = sourcecode.c.h; path = ViewController.h; sourceTree = "<group>"; };
		740D35F11EF28B0B00ECAB99 /* ViewController.m */ = {isa = PBXFileReference; lastKnownFileType = sourcecode.c.objc; path = ViewController.m; sourceTree = "<group>"; };
		740D35F41EF28B0B00ECAB99 /* Base */ = {isa = PBXFileReference; lastKnownFileType = file.storyboard; name = Base; path = Base.lproj/Main.storyboard; sourceTree = "<group>"; };
		740D35F71EF28B0B00ECAB99 /* testKVC.xcdatamodel */ = {isa = PBXFileReference; lastKnownFileType = wrapper.xcdatamodel; path = testKVC.xcdatamodel; sourceTree = "<group>"; };
		740D35F91EF28B0B00ECAB99 /* Assets.xcassets */ = {isa = PBXFileReference; lastKnownFileType = folder.assetcatalog; path = Assets.xcassets; sourceTree = "<group>"; };
		740D35FC1EF28B0B00ECAB99 /* Base */ = {isa = PBXFileReference; lastKnownFileType = file.storyboard; name = Base; path = Base.lproj/LaunchScreen.storyboard; sourceTree = "<group>"; };
		740D35FE1EF28B0B00ECAB99 /* Info.plist */ = {isa = PBXFileReference; lastKnownFileType = text.plist.xml; path = Info.plist; sourceTree = "<group>"; };
		740D36051EF28B2A00ECAB99 /* club.h */ = {isa = PBXFileReference; fileEncoding = 4; lastKnownFileType = sourcecode.c.h; path = club.h; sourceTree = "<group>"; };
		740D36061EF28B2A00ECAB99 /* club.m */ = {isa = PBXFileReference; fileEncoding = 4; lastKnownFileType = sourcecode.c.objc; path = club.m; sourceTree = "<group>"; };
		740D36081EF28B4400ECAB99 /* footballer.h */ = {isa = PBXFileReference; fileEncoding = 4; lastKnownFileType = sourcecode.c.h; path = footballer.h; sourceTree = "<group>"; };
		740D36091EF28B4400ECAB99 /* footballer.m */ = {isa = PBXFileReference; fileEncoding = 4; lastKnownFileType = sourcecode.c.objc; path = footballer.m; sourceTree = "<group>"; };
/* End PBXFileReference section */

/* Begin PBXFrameworksBuildPhase section */
		740D35E41EF28B0B00ECAB99 /* Frameworks */ = {
			isa = PBXFrameworksBuildPhase;
			buildActionMask = 2147483647;
			files = (
			);
			runOnlyForDeploymentPostprocessing = 0;
		};
/* End PBXFrameworksBuildPhase section */

/* Begin PBXGroup section */
		740D35DE1EF28B0B00ECAB99 = {
			isa = PBXGroup;
			children = (
				740D36041EF28B1C00ECAB99 /* Classes */,
				740D35E91EF28B0B00ECAB99 /* testKVC */,
				740D35E81EF28B0B00ECAB99 /* Products */,
			);
			sourceTree = "<group>";
		};
		740D35E81EF28B0B00ECAB99 /* Products */ = {
			isa = PBXGroup;
			children = (
				740D35E71EF28B0B00ECAB99 /* testKVC.app */,
			);
			name = Products;
			sourceTree = "<group>";
		};
		740D35E91EF28B0B00ECAB99 /* testKVC */ = {
			isa = PBXGroup;
			children = (
				740D35ED1EF28B0B00ECAB99 /* AppDelegate.h */,
				740D35EE1EF28B0B00ECAB99 /* AppDelegate.m */,
				740D35F01EF28B0B00ECAB99 /* ViewController.h */,
				740D35F11EF28B0B00ECAB99 /* ViewController.m */,
				740D35F31EF28B0B00ECAB99 /* Main.storyboard */,
				740D35F91EF28B0B00ECAB99 /* Assets.xcassets */,
				740D35FB1EF28B0B00ECAB99 /* LaunchScreen.storyboard */,
				740D35FE1EF28B0B00ECAB99 /* Info.plist */,
				740D35F61EF28B0B00ECAB99 /* testKVC.xcdatamodeld */,
				740D35EA1EF28B0B00ECAB99 /* Supporting Files */,
			);
			path = testKVC;
			sourceTree = "<group>";
		};
		740D35EA1EF28B0B00ECAB99 /* Supporting Files */ = {
			isa = PBXGroup;
			children = (
				740D35EB1EF28B0B00ECAB99 /* main.m */,
			);
			name = "Supporting Files";
			sourceTree = "<group>";
		};
		740D36041EF28B1C00ECAB99 /* Classes */ = {
			isa = PBXGroup;
			children = (
				740D36051EF28B2A00ECAB99 /* club.h */,
				740D36061EF28B2A00ECAB99 /* club.m */,
				740D36081EF28B4400ECAB99 /* footballer.h */,
				740D36091EF28B4400ECAB99 /* footballer.m */,
			);
			name = Classes;
			sourceTree = "<group>";
		};
/* End PBXGroup section */

/* Begin PBXNativeTarget section */
		740D35E61EF28B0B00ECAB99 /* testKVC */ = {
			isa = PBXNativeTarget;
			buildConfigurationList = 740D36011EF28B0B00ECAB99 /* Build configuration list for PBXNativeTarget "testKVC" */;
			buildPhases = (
				740D35E31EF28B0B00ECAB99 /* Sources */,
				740D35E41EF28B0B00ECAB99 /* Frameworks */,
				740D35E51EF28B0B00ECAB99 /* Resources */,
			);
			buildRules = (
			);
			dependencies = (
			);
			name = testKVC;
			productName = testKVC;
			productReference = 740D35E71EF28B0B00ECAB99 /* testKVC.app */;
			productType = "com.apple.product-type.application";
		};
/* End PBXNativeTarget section */

/* Begin PBXProject section */
		740D35DF1EF28B0B00ECAB99 /* Project object */ = {
			isa = PBXProject;
			attributes = {
				LastUpgradeCheck = 0810;
				ORGANIZATIONNAME = upixels;
				TargetAttributes = {
					740D35E61EF28B0B00ECAB99 = {
						CreatedOnToolsVersion = 8.1;
						DevelopmentTeam = F29T8BA565;
						ProvisioningStyle = Automatic;
					};
				};
			};
			buildConfigurationList = 740D35E21EF28B0B00ECAB99 /* Build configuration list for PBXProject "testKVC" */;
			compatibilityVersion = "Xcode 3.2";
			developmentRegion = English;
			hasScannedForEncodings = 0;
			knownRegions = (
				en,
				Base,
			);
			mainGroup = 740D35DE1EF28B0B00ECAB99;
			productRefGroup = 740D35E81EF28B0B00ECAB99 /* Products */;
			projectDirPath = "";
			projectRoot = "";
			targets = (
				740D35E61EF28B0B00ECAB99 /* testKVC */,
			);
		};
/* End PBXProject section */

/* Begin PBXResourcesBuildPhase section */
		740D35E51EF28B0B00ECAB99 /* Resources */ = {
			isa = PBXResourcesBuildPhase;
			buildActionMask = 2147483647;
			files = (
				740D35FD1EF28B0B00ECAB99 /* LaunchScreen.storyboard in Resources */,
				740D35FA1EF28B0B00ECAB99 /* Assets.xcassets in Resources */,
				740D35F51EF28B0B00ECAB99 /* Main.storyboard in Resources */,
			);
			runOnlyForDeploymentPostprocessing = 0;
		};
/* End PBXResourcesBuildPhase section */

/* Begin PBXSourcesBuildPhase section */
		740D35E31EF28B0B00ECAB99 /* Sources */ = {
			isa = PBXSourcesBuildPhase;
			buildActionMask = 2147483647;
			files = (
				740D36071EF28B2A00ECAB99 /* club.m in Sources */,
				740D360A1EF28B4400ECAB99 /* footballer.m in Sources */,
				740D35F81EF28B0B00ECAB99 /* testKVC.xcdatamodeld in Sources */,
				740D35F21EF28B0B00ECAB99 /* ViewController.m in Sources */,
				740D35EF1EF28B0B00ECAB99 /* AppDelegate.m in Sources */,
				740D35EC1EF28B0B00ECAB99 /* main.m in Sources */,
			);
			runOnlyForDeploymentPostprocessing = 0;
		};
/* End PBXSourcesBuildPhase section */

/* Begin PBXVariantGroup section */
		740D35F31EF28B0B00ECAB99 /* Main.storyboard */ = {
			isa = PBXVariantGroup;
			children = (
				740D35F41EF28B0B00ECAB99 /* Base */,
			);
			name = Main.storyboard;
			sourceTree = "<group>";
		};
		740D35FB1EF28B0B00ECAB99 /* LaunchScreen.storyboard */ = {
			isa = PBXVariantGroup;
			children = (
				740D35FC1EF28B0B00ECAB99 /* Base */,
			);
			name = LaunchScreen.storyboard;
			sourceTree = "<group>";
		};
/* End PBXVariantGroup section */

/* Begin XCBuildConfiguration section */
		740D35FF1EF28B0B00ECAB99 /* Debug */ = {
			isa = XCBuildConfiguration;
			buildSettings = {
				ALWAYS_SEARCH_USER_PATHS = NO;
				CLANG_ANALYZER_NONNULL = YES;
				CLANG_CXX_LANGUAGE_STANDARD = "gnu++0x";
				CLANG_CXX_LIBRARY = "libc++";
				CLANG_ENABLE_MODULES = YES;
				CLANG_ENABLE_OBJC_ARC = YES;
				CLANG_WARN_BOOL_CONVERSION = YES;
				CLANG_WARN_CONSTANT_CONVERSION = YES;
				CLANG_WARN_DIRECT_OBJC_ISA_USAGE = YES_ERROR;
				CLANG_WARN_DOCUMENTATION_COMMENTS = YES;
				CLANG_WARN_EMPTY_BODY = YES;
				CLANG_WARN_ENUM_CONVERSION = YES;
				CLANG_WARN_INFINITE_RECURSION = YES;
				CLANG_WARN_INT_CONVERSION = YES;
				CLANG_WARN_OBJC_ROOT_CLASS = YES_ERROR;
				CLANG_WARN_SUSPICIOUS_MOVES = YES;
				CLANG_WARN_UNREACHABLE_CODE = YES;
				CLANG_WARN__DUPLICATE_METHOD_MATCH = YES;
				"CODE_SIGN_IDENTITY[sdk=iphoneos*]" = "iPhone Developer";
				COPY_PHASE_STRIP = NO;
				DEBUG_INFORMATION_FORMAT = dwarf;
				ENABLE_STRICT_OBJC_MSGSEND = YES;
				ENABLE_TESTABILITY = YES;
				GCC_C_LANGUAGE_STANDARD = gnu99;
				GCC_DYNAMIC_NO_PIC = NO;
				GCC_NO_COMMON_BLOCKS = YES;
				GCC_OPTIMIZATION_LEVEL = 0;
				GCC_PREPROCESSOR_DEFINITIONS = (
					"DEBUG=1",
					"$(inherited)",
				);
				GCC_WARN_64_TO_32_BIT_CONVERSION = YES;
				GCC_WARN_ABOUT_RETURN_TYPE = YES_ERROR;
				GCC_WARN_UNDECLARED_SELECTOR = YES;
				GCC_WARN_UNINITIALIZED_AUTOS = YES_AGGRESSIVE;
				GCC_WARN_UNUSED_FUNCTION = YES;
				GCC_WARN_UNUSED_VARIABLE = YES;
				IPHONEOS_DEPLOYMENT_TARGET = 10.1;
				MTL_ENABLE_DEBUG_INFO = YES;
				ONLY_ACTIVE_ARCH = YES;
				SDKROOT = iphoneos;
				TARGETED_DEVICE_FAMILY = "1,2";
			};
			name = Debug;
		};
		740D36001EF28B0B00ECAB99 /* Release */ = {
			isa = XCBuildConfiguration;
			buildSettings = {
				ALWAYS_SEARCH_USER_PATHS = NO;
				CLANG_ANALYZER_NONNULL = YES;
				CLANG_CXX_LANGUAGE_STANDARD = "gnu++0x";
				CLANG_CXX_LIBRARY = "libc++";
				CLANG_ENABLE_MODULES = YES;
				CLANG_ENABLE_OBJC_ARC = YES;
				CLANG_WARN_BOOL_CONVERSION = YES;
				CLANG_WARN_CONSTANT_CONVERSION = YES;
				CLANG_WARN_DIRECT_OBJC_ISA_USAGE = YES_ERROR;
				CLANG_WARN_DOCUMENTATION_COMMENTS = YES;
				CLANG_WARN_EMPTY_BODY = YES;
				CLANG_WARN_ENUM_CONVERSION = YES;
				CLANG_WARN_INFINITE_RECURSION = YES;
				CLANG_WARN_INT_CONVERSION = YES;
				CLANG_WARN_OBJC_ROOT_CLASS = YES_ERROR;
				CLANG_WARN_SUSPICIOUS_MOVES = YES;
				CLANG_WARN_UNREACHABLE_CODE = YES;
				CLANG_WARN__DUPLICATE_METHOD_MATCH = YES;
				"CODE_SIGN_IDENTITY[sdk=iphoneos*]" = "iPhone Developer";
				COPY_PHASE_STRIP = NO;
				DEBUG_INFORMATION_FORMAT = "dwarf-with-dsym";
				ENABLE_NS_ASSERTIONS = NO;
				ENABLE_STRICT_OBJC_MSGSEND = YES;
				GCC_C_LANGUAGE_STANDARD = gnu99;
				GCC_NO_COMMON_BLOCKS = YES;
				GCC_WARN_64_TO_32_BIT_CONVERSION = YES;
				GCC_WARN_ABOUT_RETURN_TYPE = YES_ERROR;
				GCC_WARN_UNDECLARED_SELECTOR = YES;
				GCC_WARN_UNINITIALIZED_AUTOS = YES_AGGRESSIVE;
				GCC_WARN_UNUSED_FUNCTION = YES;
				GCC_WARN_UNUSED_VARIABLE = YES;
				IPHONEOS_DEPLOYMENT_TARGET = 10.1;
				MTL_ENABLE_DEBUG_INFO = NO;
				SDKROOT = iphoneos;
				TARGETED_DEVICE_FAMILY = "1,2";
				VALIDATE_PRODUCT = YES;
			};
			name = Release;
		};
		740D36021EF28B0B00ECAB99 /* Debug */ = {
			isa = XCBuildConfiguration;
			buildSettings = {
				ASSETCATALOG_COMPILER_APPICON_NAME = AppIcon;
				DEVELOPMENT_TEAM = F29T8BA565;
				INFOPLIST_FILE = testKVC/Info.plist;
				IPHONEOS_DEPLOYMENT_TARGET = 8.0;
				LD_RUNPATH_SEARCH_PATHS = "$(inherited) @executable_path/Frameworks";
				PRODUCT_BUNDLE_IDENTIFIER = com.upixels.testKVC;
				PRODUCT_NAME = "$(TARGET_NAME)";
			};
			name = Debug;
		};
		740D36031EF28B0B00ECAB99 /* Release */ = {
			isa = XCBuildConfiguration;
			buildSettings = {
				ASSETCATALOG_COMPILER_APPICON_NAME = AppIcon;
				DEVELOPMENT_TEAM = F29T8BA565;
				INFOPLIST_FILE = testKVC/Info.plist;
				IPHONEOS_DEPLOYMENT_TARGET = 8.0;
				LD_RUNPATH_SEARCH_PATHS = "$(inherited) @executable_path/Frameworks";
				PRODUCT_BUNDLE_IDENTIFIER = com.upixels.testKVC;
				PRODUCT_NAME = "$(TARGET_NAME)";
			};
			name = Release;
		};
/* End XCBuildConfiguration section */

/* Begin XCConfigurationList section */
		740D35E21EF28B0B00ECAB99 /* Build configuration list for PBXProject "testKVC" */ = {
			isa = XCConfigurationList;
			buildConfigurations = (
				740D35FF1EF28B0B00ECAB99 /* Debug */,
				740D36001EF28B0B00ECAB99 /* Release */,
			);
			defaultConfigurationIsVisible = 0;
			defaultConfigurationName = Release;
		};
		740D36011EF28B0B00ECAB99 /* Build configuration list for PBXNativeTarget "testKVC" */ = {
			isa = XCConfigurationList;
			buildConfigurations = (
				740D36021EF28B0B00ECAB99 /* Debug */,
				740D36031EF28B0B00ECAB99 /* Release */,
			);
			defaultConfigurationIsVisible = 0;
		};
/* End XCConfigurationList section */

/* Begin XCVersionGroup section */
		740D35F61EF28B0B00ECAB99 /* testKVC.xcdatamodeld */ = {
			isa = XCVersionGroup;
			children = (
				740D35F71EF28B0B00ECAB99 /* testKVC.xcdatamodel */,
			);
			currentVersion = 740D35F71EF28B0B00ECAB99 /* testKVC.xcdatamodel */;
			path = testKVC.xcdatamodeld;
			sourceTree = "<group>";
			versionGroupType = wrapper.xcdatamodel;
		};
/* End XCVersionGroup section */
	};
	rootObject = 740D35DF1EF28B0B00ECAB99 /* Project object */;
}
